
Microsoft Visual Studio Solution File, Format Version 12.00
# Visual Studio Version 16
VisualStudioVersion = 16.0.31112.23
MinimumVisualStudioVersion = 10.0.40219.1
Project("{FAE04EC0-301F-11D3-BF4B-00C04F79EFBC}") = "WpfFirstApp", "WpfFirstApp\WpfFirstApp.csproj", "{5F211167-0151-4A85-890D-4C73FE6769AC}"
EndProject
Project("{FAE04EC0-301F-11D3-BF4B-00C04F79EFBC}") = "Vital_Lib_CustomControl", "Vital_Lib_CustomControl\Vital_Lib_CustomControl.csproj", "{DD8C6753-6F49-43E2-A71E-E1BE39F9AB36}"
EndProject
Global
	GlobalSection(SolutionConfigurationPlatforms) = preSolution
		Debug|Any CPU = Debug|Any CPU
		Release|Any CPU = Release|Any CPU
	EndGlobalSection
	GlobalSection(ProjectConfigurationPlatforms) = postSolution
		{5F211167-0151-4A85-890D-4C73FE6769AC}.Debug|Any CPU.ActiveCfg = Debug|Any CPU
		{5F211167-0151-4A85-890D-4C73FE6769AC}.Debug|Any CPU.Build.0 = Debug|Any CPU
		{5F211167-0151-4A85-890D-4C73FE6769AC}.Release|Any CPU.ActiveCfg = Release|Any CPU
		{5F211167-0151-4A85-890D-4C73FE6769AC}.Release|Any CPU.Build.0 = Release|Any CPU
		{DD8C6753-6F49-43E2-A71E-E1BE39F9AB36}.Debug|Any CPU.ActiveCfg = Debug|Any CPU
		{DD8C6753-6F49-43E2-A71E-E1BE39F9AB36}.Debug|Any CPU.Build.0 = Debug|Any CPU
		{DD8C6753-6F49-43E2-A71E-E1BE39F9AB36}.Release|Any CPU.ActiveCfg = Release|Any CPU
		{DD8C6753-6F49-43E2-A71E-E1BE39F9AB36}.Release|Any CPU.Build.0 = Release|Any CPU
	EndGlobalSection
	GlobalSection(SolutionProperties) = preSolution
		HideSolutionNode = FALSE
	EndGlobalSection
	GlobalSection(ExtensibilityGlobals) = postSolution
		SolutionGuid = {45C50E23-F223-469E-8644-2B9DC661F143}
	EndGlobalSection
EndGlobal
